
Microsoft Visual Studio Solution File, Format Version 12.00
# Visual Studio Version 16
VisualStudioVersion = 16.0.32407.337
MinimumVisualStudioVersion = 10.0.40219.1
Project("{FAE04EC0-301F-11D3-BF4B-00C04F79EFBC}") = "CapaNegocio1", "CapaNegocio1\CapaNegocio1.csproj", "{CE745970-19DC-453F-B834-2AA4DCB6AAF1}"
EndProject
Project("{FAE04EC0-301F-11D3-BF4B-00C04F79EFBC}") = "CapaPresentacion", "CapaPresentacion\CapaPresentacion.csproj", "{DC2D0E87-5B5A-4620-93ED-85E7A5D2C9EE}"
EndProject
Global
	GlobalSection(SolutionConfigurationPlatforms) = preSolution
		Debug|Any CPU = Debug|Any CPU
		Release|Any CPU = Release|Any CPU
	EndGlobalSection
	GlobalSection(ProjectConfigurationPlatforms) = postSolution
		{CE745970-19DC-453F-B834-2AA4DCB6AAF1}.Debug|Any CPU.ActiveCfg = Debug|Any CPU
		{CE745970-19DC-453F-B834-2AA4DCB6AAF1}.Debug|Any CPU.Build.0 = Debug|Any CPU
		{CE745970-19DC-453F-B834-2AA4DCB6AAF1}.Release|Any CPU.ActiveCfg = Release|Any CPU
		{CE745970-19DC-453F-B834-2AA4DCB6AAF1}.Release|Any CPU.Build.0 = Release|Any CPU
		{DC2D0E87-5B5A-4620-93ED-85E7A5D2C9EE}.Debug|Any CPU.ActiveCfg = Debug|Any CPU
		{DC2D0E87-5B5A-4620-93ED-85E7A5D2C9EE}.Debug|Any CPU.Build.0 = Debug|Any CPU
		{DC2D0E87-5B5A-4620-93ED-85E7A5D2C9EE}.Release|Any CPU.ActiveCfg = Release|Any CPU
		{DC2D0E87-5B5A-4620-93ED-85E7A5D2C9EE}.Release|Any CPU.Build.0 = Release|Any CPU
	EndGlobalSection
	GlobalSection(SolutionProperties) = preSolution
		HideSolutionNode = FALSE
	EndGlobalSection
	GlobalSection(ExtensibilityGlobals) = postSolution
		SolutionGuid = {B23CFAB4-F724-446D-89F3-F511A42818F4}
	EndGlobalSection
EndGlobal
